YªçŠx-®éÜj×¢ëiºÚ+Š§j[h‘éÜ¢éí×9÷Ôèµ©hºÚn¶X§zÍ^ÃBˆ›˜[YHŽˆœÚ]KXÜ™X]Ü‹]š[™^\Ý\\ˆ‹Bˆ™\œÚ[ÛˆŽˆŒŒKŒ‹Bˆ›ØÚÙš[U™\œÚ[ÛˆŽˆËBˆœ™\]Z\™\ÈŽˆYKBˆœXÚØYÙ\ÈŽˆÃBˆˆŽˆÃBˆ›µßÎ=öÚ$z{-®éÜj×¢&Væv–æW2#¢°Ð¢&æöFR#¢#ãÓ‚ãã Ð¢ÒÀÐ¢'VW$FWVæFVæ6–W2#¢°Ð¢'¦öB#¢%ã2ã#RãÇÂãBãã Ð¢ÐÐ¢ÐÐ¢ÐÐ§ÐÐ